
Microsoft Visual Studio Solution File, Format Version 12.00
# Visual Studio Version 17
VisualStudioVersion = 17.12.35707.178
MinimumVisualStudioVersion = 10.0.40219.1
Project("{FAE04EC0-301F-11D3-BF4B-00C04F79EFBC}") = "ConsoleTools", "ConsoleTools\ConsoleTools.csproj", "{A92CC7D9-1249-4CFB-9014-DAA1DFD8429E}"
EndProject
Project("{C7167F0D-BC9F-4E6E-AFE1-012C56B48DB5}") = "ConsoleToolsPackage", "ConsoleToolsPackage\ConsoleToolsPackage.wapproj", "{A1EC182D-500E-454A-A133-EE3A42EE7538}"
EndProject
Project("{8BC9CEB8-8B4A-11D0-8D11-00A0C91BC942}") = "ConsoleToolsShellExtensions", "ConsoleToolsShellExtensions\ConsoleToolsShellExtensions.vcxproj", "{AE2A27D5-7DC5-42CD-948C-6DBDA20F9B5E}"
EndProject
Project("{FAE04EC0-301F-11D3-BF4B-00C04F79EFBC}") = "iPhonePhotosCleaner", "iPhonePhotosCleaner\iPhonePhotosCleaner.csproj", "{2C3A906F-0252-2F36-1B1F-11527B6B89F5}"
EndProject
Global
	GlobalSection(SolutionConfigurationPlatforms) = preSolution
		Debug|x64 = Debug|x64
		Release|x64 = Release|x64
	EndGlobalSection
	GlobalSection(ProjectConfigurationPlatforms) = postSolution
		{A92CC7D9-1249-4CFB-9014-DAA1DFD8429E}.Debug|x64.ActiveCfg = Debug|x64
		{A92CC7D9-1249-4CFB-9014-DAA1DFD8429E}.Debug|x64.Build.0 = Debug|x64
		{A92CC7D9-1249-4CFB-9014-DAA1DFD8429E}.Release|x64.ActiveCfg = Release|x64
		{A92CC7D9-1249-4CFB-9014-DAA1DFD8429E}.Release|x64.Build.0 = Release|x64
		{A1EC182D-500E-454A-A133-EE3A42EE7538}.Debug|x64.ActiveCfg = Debug|x64
		{A1EC182D-500E-454A-A133-EE3A42EE7538}.Debug|x64.Build.0 = Debug|x64
		{A1EC182D-500E-454A-A133-EE3A42EE7538}.Release|x64.ActiveCfg = Release|x64
		{A1EC182D-500E-454A-A133-EE3A42EE7538}.Release|x64.Build.0 = Release|x64
		{A1EC182D-500E-454A-A133-EE3A42EE7538}.Release|x64.Deploy.0 = Release|x64
		{AE2A27D5-7DC5-42CD-948C-6DBDA20F9B5E}.Debug|x64.ActiveCfg = Debug|x64
		{AE2A27D5-7DC5-42CD-948C-6DBDA20F9B5E}.Debug|x64.Build.0 = Debug|x64
		{AE2A27D5-7DC5-42CD-948C-6DBDA20F9B5E}.Release|x64.ActiveCfg = Release|x64
		{AE2A27D5-7DC5-42CD-948C-6DBDA20F9B5E}.Release|x64.Build.0 = Release|x64
		{2C3A906F-0252-2F36-1B1F-11527B6B89F5}.Debug|x64.ActiveCfg = Debug|Any CPU
		{2C3A906F-0252-2F36-1B1F-11527B6B89F5}.Debug|x64.Build.0 = Debug|Any CPU
		{2C3A906F-0252-2F36-1B1F-11527B6B89F5}.Release|x64.ActiveCfg = Release|Any CPU
		{2C3A906F-0252-2F36-1B1F-11527B6B89F5}.Release|x64.Build.0 = Release|Any CPU
	EndGlobalSection
	GlobalSection(SolutionProperties) = preSolution
		HideSolutionNode = FALSE
	EndGlobalSection
	GlobalSection(ExtensibilityGlobals) = postSolution
		SolutionGuid = {4753A544-A228-471C-B419-7D104C311199}
	EndGlobalSection
EndGlobal
